
Microsoft Visual Studio Solution File, Format Version 12.00
# Visual Studio Version 17
VisualStudioVersion = 17.8.34322.80
MinimumVisualStudioVersion = 10.0.40219.1
Project("{9A19103F-16F7-4668-BE54-9A1E7A4F7556}") = "XCart.Order.Grpc", "Xcart.OrderService\XCart.Order.Grpc.csproj", "{F00F2A8D-8096-4119-8A22-47EA3A68C5BB}"
EndProject
Project("{9A19103F-16F7-4668-BE54-9A1E7A4F7556}") = "XCart.Product.Grpc", "Xcart.ProductService\XCart.Product.Grpc.csproj", "{82595BB6-0DA1-4AD4-9F89-FAF849A4865D}"
EndProject
Project("{9A19103F-16F7-4668-BE54-9A1E7A4F7556}") = "XCart.NotificationService1", "XCart.NotificationService1\XCart.NotificationService1.csproj", "{B0706F6F-93ED-4540-8846-55B6751CD63A}"
EndProject
Project("{9A19103F-16F7-4668-BE54-9A1E7A4F7556}") = "XCart.NotificationService2", "XCart.NotificationService2\XCart.NotificationService2.csproj", "{9CA9B184-FDC5-4964-84E8-4CF1D6E98F6F}"
EndProject
Project("{2150E333-8FDC-42A3-9474-1A3956D46DE8}") = "Services", "Services", "{C4C7572D-7A9A-41BC-B0A6-0D509600F0BC}"
EndProject
Project("{2150E333-8FDC-42A3-9474-1A3956D46DE8}") = "BuildingBlocks", "BuildingBlocks", "{CAEEC25A-274E-44C3-B2B7-B895E75E1AD3}"
EndProject
Project("{9A19103F-16F7-4668-BE54-9A1E7A4F7556}") = "EventBus.Messages", "EventBus.Messages\EventBus.Messages.csproj", "{CC0D32C2-DAE7-43CD-BBC6-B26380FB9263}"
EndProject
Project("{2150E333-8FDC-42A3-9474-1A3956D46DE8}") = "Notification", "Notification", "{E1C2E64C-FC80-437C-ABEB-706471A1B98F}"
EndProject
Project("{2150E333-8FDC-42A3-9474-1A3956D46DE8}") = "Order", "Order", "{B017FF56-0DD8-4B5A-8F3A-3DD2618CBF34}"
EndProject
Project("{2150E333-8FDC-42A3-9474-1A3956D46DE8}") = "Product", "Product", "{058C3D56-E48B-4EC7-9152-00765DABA236}"
EndProject
Global
	GlobalSection(SolutionConfigurationPlatforms) = preSolution
		Debug|Any CPU = Debug|Any CPU
		Release|Any CPU = Release|Any CPU
	EndGlobalSection
	GlobalSection(ProjectConfigurationPlatforms) = postSolution
		{F00F2A8D-8096-4119-8A22-47EA3A68C5BB}.Debug|Any CPU.ActiveCfg = Debug|Any CPU
		{F00F2A8D-8096-4119-8A22-47EA3A68C5BB}.Debug|Any CPU.Build.0 = Debug|Any CPU
		{F00F2A8D-8096-4119-8A22-47EA3A68C5BB}.Release|Any CPU.ActiveCfg = Release|Any CPU
		{F00F2A8D-8096-4119-8A22-47EA3A68C5BB}.Release|Any CPU.Build.0 = Release|Any CPU
		{82595BB6-0DA1-4AD4-9F89-FAF849A4865D}.Debug|Any CPU.ActiveCfg = Debug|Any CPU
		{82595BB6-0DA1-4AD4-9F89-FAF849A4865D}.Debug|Any CPU.Build.0 = Debug|Any CPU
		{82595BB6-0DA1-4AD4-9F89-FAF849A4865D}.Release|Any CPU.ActiveCfg = Release|Any CPU
		{82595BB6-0DA1-4AD4-9F89-FAF849A4865D}.Release|Any CPU.Build.0 = Release|Any CPU
		{B0706F6F-93ED-4540-8846-55B6751CD63A}.Debug|Any CPU.ActiveCfg = Debug|Any CPU
		{B0706F6F-93ED-4540-8846-55B6751CD63A}.Debug|Any CPU.Build.0 = Debug|Any CPU
		{B0706F6F-93ED-4540-8846-55B6751CD63A}.Release|Any CPU.ActiveCfg = Release|Any CPU
		{B0706F6F-93ED-4540-8846-55B6751CD63A}.Release|Any CPU.Build.0 = Release|Any CPU
		{9CA9B184-FDC5-4964-84E8-4CF1D6E98F6F}.Debug|Any CPU.ActiveCfg = Debug|Any CPU
		{9CA9B184-FDC5-4964-84E8-4CF1D6E98F6F}.Debug|Any CPU.Build.0 = Debug|Any CPU
		{9CA9B184-FDC5-4964-84E8-4CF1D6E98F6F}.Release|Any CPU.ActiveCfg = Release|Any CPU
		{9CA9B184-FDC5-4964-84E8-4CF1D6E98F6F}.Release|Any CPU.Build.0 = Release|Any CPU
		{CC0D32C2-DAE7-43CD-BBC6-B26380FB9263}.Debug|Any CPU.ActiveCfg = Debug|Any CPU
		{CC0D32C2-DAE7-43CD-BBC6-B26380FB9263}.Debug|Any CPU.Build.0 = Debug|Any CPU
		{CC0D32C2-DAE7-43CD-BBC6-B26380FB9263}.Release|Any CPU.ActiveCfg = Release|Any CPU
		{CC0D32C2-DAE7-43CD-BBC6-B26380FB9263}.Release|Any CPU.Build.0 = Release|Any CPU
	EndGlobalSection
	GlobalSection(SolutionProperties) = preSolution
		HideSolutionNode = FALSE
	EndGlobalSection
	GlobalSection(NestedProjects) = preSolution
		{F00F2A8D-8096-4119-8A22-47EA3A68C5BB} = {B017FF56-0DD8-4B5A-8F3A-3DD2618CBF34}
		{82595BB6-0DA1-4AD4-9F89-FAF849A4865D} = {058C3D56-E48B-4EC7-9152-00765DABA236}
		{B0706F6F-93ED-4540-8846-55B6751CD63A} = {E1C2E64C-FC80-437C-ABEB-706471A1B98F}
		{9CA9B184-FDC5-4964-84E8-4CF1D6E98F6F} = {E1C2E64C-FC80-437C-ABEB-706471A1B98F}
		{CC0D32C2-DAE7-43CD-BBC6-B26380FB9263} = {CAEEC25A-274E-44C3-B2B7-B895E75E1AD3}
		{E1C2E64C-FC80-437C-ABEB-706471A1B98F} = {C4C7572D-7A9A-41BC-B0A6-0D509600F0BC}
		{B017FF56-0DD8-4B5A-8F3A-3DD2618CBF34} = {C4C7572D-7A9A-41BC-B0A6-0D509600F0BC}
		{058C3D56-E48B-4EC7-9152-00765DABA236} = {C4C7572D-7A9A-41BC-B0A6-0D509600F0BC}
	EndGlobalSection
	GlobalSection(ExtensibilityGlobals) = postSolution
		SolutionGuid = {30060EA9-A9A8-4CAD-9406-BDAF2BE7D877}
	EndGlobalSection
EndGlobal
